{
  "name": "online-exam-system",
  "lockfileVersion": 2,
  "requires": true,
  "packages": {
    "": {
      "dependencies": {
        "screenfull": "^6.0.1"
      }
    },
    "node_modules/screenfull": {
      "version": "6.0.1",
      "resolved": "https://registry.npmjs.org/screenfull/-/screenfull-6.0.1.tgz",
      "integrity": "sha512-yzQW+j4zMUBQC51xxWaoDYjxOtl8Kn+xvue3p6v/fv2pIi1jH4AldgVLU8TBfFVgH2x3VXlf3+YiA/AYIPlaew==",
      "engines": {
        "node": "^14.13.1 || >=16.0.0"
      },
      "funding": {
        "url": "https://github.com/sponsors/sindresorhus"
      }
    }
  },
  "dependencies": {
    "screenfull": {
      "version": "6.0.1",
      "resolved": "https://registry.npmjs.org/screenfull/-/screenfull-6.0.1.tgz",
      "integrity": "sha512-yzQW+j4zMUBQC51xxWaoDYjxOtl8Kn+xvue3p6v/fv2pIi1jH4AldgVLU8TBfFVgH2x3VXlf3+YiA/AYIPlaew=="
    }
  }
}
